// !$*UTF8*$!
{
	archiveVersion = 1;
	classes = {
	};
	objectVersion = 77;
	objects = {

/* Begin PBXBuildFile section */
		A29665A62D326019005C448F /* FirebaseAnalytics in Frameworks */ = {isa = PBXBuildFile; productRef = A29665A52D326019005C448F /* FirebaseAnalytics */; };
		A29665A82D326019005C448F /* FirebaseAnalyticsOnDeviceConversion in Frameworks */ = {isa = PBXBuildFile; productRef = A29665A72D326019005C448F /* FirebaseAnalyticsOnDeviceConversion */; };
		A29665AA2D326019005C448F /* FirebaseAnalyticsWithoutAdIdSupport in Frameworks */ = {isa = PBXBuildFile; productRef = A29665A92D326019005C448F /* FirebaseAnalyticsWithoutAdIdSupport */; };
		A29665AC2D326019005C448F /* FirebaseAppCheck in Frameworks */ = {isa = PBXBuildFile; productRef = A29665AB2D326019005C448F /* FirebaseAppCheck */; };
		A29665AE2D326019005C448F /* FirebaseAppDistribution-Beta in Frameworks */ = {isa = PBXBuildFile; productRef = A29665AD2D326019005C448F /* FirebaseAppDistribution-Beta */; };
		A29665B02D326019005C448F /* FirebaseAuth in Frameworks */ = {isa = PBXBuildFile; productRef = A29665AF2D326019005C448F /* FirebaseAuth */; };
		A29665B22D326019005C448F /* FirebaseAuthCombine-Community in Frameworks */ = {isa = PBXBuildFile; productRef = A29665B12D326019005C448F /* FirebaseAuthCombine-Community */; };
		A29665B42D326019005C448F /* FirebaseCore in Frameworks */ = {isa = PBXBuildFile; productRef = A29665B32D326019005C448F /* FirebaseCore */; };
		A29665B62D326019005C448F /* FirebaseCrashlytics in Frameworks */ = {isa = PBXBuildFile; productRef = A29665B52D326019005C448F /* FirebaseCrashlytics */; };
		A29665B82D326019005C448F /* FirebaseDatabase in Frameworks */ = {isa = PBXBuildFile; productRef = A29665B72D326019005C448F /* FirebaseDatabase */; };
		A29665BA2D326019005C448F /* FirebaseDynamicLinks in Frameworks */ = {isa = PBXBuildFile; productRef = A29665B92D326019005C448F /* FirebaseDynamicLinks */; };
		A29665BC2D326019005C448F /* FirebaseFirestore in Frameworks */ = {isa = PBXBuildFile; productRef = A29665BB2D326019005C448F /* FirebaseFirestore */; };
		A29665BE2D326019005C448F /* FirebaseFirestoreCombine-Community in Frameworks */ = {isa = PBXBuildFile; productRef = A29665BD2D326019005C448F /* FirebaseFirestoreCombine-Community */; };
		A29665C02D326019005C448F /* FirebaseFunctions in Frameworks */ = {isa = PBXBuildFile; productRef = A29665BF2D326019005C448F /* FirebaseFunctions */; };
		A29665C22D326019005C448F /* FirebaseFunctionsCombine-Community in Frameworks */ = {isa = PBXBuildFile; productRef = A29665C12D326019005C448F /* FirebaseFunctionsCombine-Community */; };
		A29665C42D326019005C448F /* FirebaseInAppMessaging-Beta in Frameworks */ = {isa = PBXBuildFile; productRef = A29665C32D326019005C448F /* FirebaseInAppMessaging-Beta */; };
		A29665C62D326019005C448F /* FirebaseInstallations in Frameworks */ = {isa = PBXBuildFile; productRef = A29665C52D326019005C448F /* FirebaseInstallations */; };
		A29665C82D326019005C448F /* FirebaseMLModelDownloader in Frameworks */ = {isa = PBXBuildFile; productRef = A29665C72D326019005C448F /* FirebaseMLModelDownloader */; };
		A29665CA2D32601A005C448F /* FirebaseMessaging in Frameworks */ = {isa = PBXBuildFile; productRef = A29665C92D32601A005C448F /* FirebaseMessaging */; };
		A29665CC2D32601A005C448F /* FirebasePerformance in Frameworks */ = {isa = PBXBuildFile; productRef = A29665CB2D32601A005C448F /* FirebasePerformance */; };
		A29665CE2D32601A005C448F /* FirebaseRemoteConfig in Frameworks */ = {isa = PBXBuildFile; productRef = A29665CD2D32601A005C448F /* FirebaseRemoteConfig */; };
		A29665D02D32601A005C448F /* FirebaseStorage in Frameworks */ = {isa = PBXBuildFile; productRef = A29665CF2D32601A005C448F /* FirebaseStorage */; };
		A29665D22D32601A005C448F /* FirebaseStorageCombine-Community in Frameworks */ = {isa = PBXBuildFile; productRef = A29665D12D32601A005C448F /* FirebaseStorageCombine-Community */; };
		A29665D42D32601A005C448F /* FirebaseVertexAI in Frameworks */ = {isa = PBXBuildFile; productRef = A29665D32D32601A005C448F /* FirebaseVertexAI */; };
/* End PBXBuildFile section */

/* Begin PBXContainerItemProxy section */
		A27B14C12D32426600B82054 /* PBXContainerItemProxy */ = {
			isa = PBXContainerItemProxy;
			containerPortal = A27B14A82D32426000B82054 /* Project object */;
			proxyType = 1;
			remoteGlobalIDString = A27B14AF2D32426000B82054;
			remoteInfo = PinkyPromise;
		};
		A27B14CB2D32426600B82054 /* PBXContainerItemProxy */ = {
			isa = PBXContainerItemProxy;
			containerPortal = A27B14A82D32426000B82054 /* Project object */;
			proxyType = 1;
			remoteGlobalIDString = A27B14AF2D32426000B82054;
			remoteInfo = PinkyPromise;
		};
/* End PBXContainerItemProxy section */

/* Begin PBXFileReference section */
		A27B14B02D32426000B82054 /* PinkyPromise.app */ = {isa = PBXFileReference; explicitFileType = wrapper.application; includeInIndex = 0; path = PinkyPromise.app; sourceTree = BUILT_PRODUCTS_DIR; };
		A27B14C02D32426600B82054 /* PinkyPromiseTests.xctest */ = {isa = PBXFileReference; explicitFileType = wrapper.cfbundle; includeInIndex = 0; path = PinkyPromiseTests.xctest; sourceTree = BUILT_PRODUCTS_DIR; };
		A27B14CA2D32426600B82054 /* PinkyPromiseUITests.xctest */ = {isa = PBXFileReference; explicitFileType = wrapper.cfbundle; includeInIndex = 0; path = PinkyPromiseUITests.xctest; sourceTree = BUILT_PRODUCTS_DIR; };
		A29666092D32ECC6005C448F /* PinkyPromise.xctestplan */ = {isa = PBXFileReference; lastKnownFileType = text; name = PinkyPromise.xctestplan; path = ../PinkyPromise.xctestplan; sourceTree = "<group>"; };
/* End PBXFileReference section */

/* Begin PBXFileSystemSynchronizedBuildFileExceptionSet section */
		58FF71372D3356AB000DCA9E /* Exceptions for "PinkyPromise" folder in "PinkyPromiseTests" target */ = {
			isa = PBXFileSystemSynchronizedBuildFileExceptionSet;
			membershipExceptions = (
				"Assets/Fonts/ChewieDEMO-Medium.otf",
				"Assets/Fonts/ChewieDEMO-Regular.otf",
				"Assets/Fonts/ChewieDEMO-SemiBold.otf",
				"Assets/Fonts/ChewieDEMO-Thin.otf",
			);
			target = A27B14BF2D32426600B82054 /* PinkyPromiseTests */;
		};
		58FF71382D3356AB000DCA9E /* Exceptions for "PinkyPromise" folder in "PinkyPromiseUITests" target */ = {
			isa = PBXFileSystemSynchronizedBuildFileExceptionSet;
			membershipExceptions = (
				"Assets/Fonts/ChewieDEMO-Medium.otf",
				"Assets/Fonts/ChewieDEMO-Regular.otf",
				"Assets/Fonts/ChewieDEMO-SemiBold.otf",
				"Assets/Fonts/ChewieDEMO-Thin.otf",
			);
			target = A27B14C92D32426600B82054 /* PinkyPromiseUITests */;
		};
/* End PBXFileSystemSynchronizedBuildFileExceptionSet section */

/* Begin PBXFileSystemSynchronizedRootGroup section */
		A27B14B22D32426000B82054 /* PinkyPromise */ = {
			isa = PBXFileSystemSynchronizedRootGroup;
			exceptions = (
				58FF71372D3356AB000DCA9E /* Exceptions for "PinkyPromise" folder in "PinkyPromiseTests" target */,
				58FF71382D3356AB000DCA9E /* Exceptions for "PinkyPromise" folder in "PinkyPromiseUITests" target */,
			);
			path = PinkyPromise;
			sourceTree = "<group>";
		};
		A27B14C32D32426600B82054 /* PinkyPromiseTests */ = {
			isa = PBXFileSystemSynchronizedRootGroup;
			path = PinkyPromiseTests;
			sourceTree = "<group>";
		};
		A27B14CD2D32426600B82054 /* PinkyPromiseUITests */ = {
			isa = PBXFileSystemSynchronizedRootGroup;
			path = PinkyPromiseUITests;
			sourceTree = "<group>";
		};
/* End PBXFileSystemSynchronizedRootGroup section */

/* Begin PBXFrameworksBuildPhase section */
		A27B14AD2D32426000B82054 /* Frameworks */ = {
			isa = PBXFrameworksBuildPhase;
			buildActionMask = 2147483647;
			files = (
				A29665BE2D326019005C448F /* FirebaseFirestoreCombine-Community in Frameworks */,
				A29665D42D32601A005C448F /* FirebaseVertexAI in Frameworks */,
				A29665C02D326019005C448F /* FirebaseFunctions in Frameworks */,
				A29665CC2D32601A005C448F /* FirebasePerformance in Frameworks */,
				A29665D22D32601A005C448F /* FirebaseStorageCombine-Community in Frameworks */,
				A29665CE2D32601A005C448F /* FirebaseRemoteConfig in Frameworks */,
				A29665B82D326019005C448F /* FirebaseDatabase in Frameworks */,
				A29665BA2D326019005C448F /* FirebaseDynamicLinks in Frameworks */,
				A29665AC2D326019005C448F /* FirebaseAppCheck in Frameworks */,
				A29665B02D326019005C448F /* FirebaseAuth in Frameworks */,
				A29665A62D326019005C448F /* FirebaseAnalytics in Frameworks */,
				A29665BC2D326019005C448F /* FirebaseFirestore in Frameworks */,
				A29665CA2D32601A005C448F /* FirebaseMessaging in Frameworks */,
				A29665C62D326019005C448F /* FirebaseInstallations in Frameworks */,
				A29665C22D326019005C448F /* FirebaseFunctionsCombine-Community in Frameworks */,
				A29665AE2D326019005C448F /* FirebaseAppDistribution-Beta in Frameworks */,
				A29665AA2D326019005C448F /* FirebaseAnalyticsWithoutAdIdSupport in Frameworks */,
				A29665C42D326019005C448F /* FirebaseInAppMessaging-Beta in Frameworks */,
				A29665B22D326019005C448F /* FirebaseAuthCombine-Community in Frameworks */,
				A29665B62D326019005C448F /* FirebaseCrashlytics in Frameworks */,
				A29665C82D326019005C448F /* FirebaseMLModelDownloader in Frameworks */,
				A29665D02D32601A005C448F /* FirebaseStorage in Frameworks */,
				A29665B42D326019005C448F /* FirebaseCore in Frameworks */,
				A29665A82D326019005C448F /* FirebaseAnalyticsOnDeviceConversion in Frameworks */,
			);
			runOnlyForDeploymentPostprocessing = 0;
		};
		A27B14BD2D32426600B82054 /* Frameworks */ = {
			isa = PBXFrameworksBuildPhase;
			buildActionMask = 2147483647;
			files = (
			);
			runOnlyForDeploymentPostprocessing = 0;
		};
		A27B14C72D32426600B82054 /* Frameworks */ = {
			isa = PBXFrameworksBuildPhase;
			buildActionMask = 2147483647;
			files = (
			);
			runOnlyForDeploymentPostprocessing = 0;
		};
/* End PBXFrameworksBuildPhase section */

/* Begin PBXGroup section */
		A27B14A72D32426000B82054 = {
			isa = PBXGroup;
			children = (
				A29666092D32ECC6005C448F /* PinkyPromise.xctestplan */,
				A27B14B22D32426000B82054 /* PinkyPromise */,
				A27B14C32D32426600B82054 /* PinkyPromiseTests */,
				A27B14CD2D32426600B82054 /* PinkyPromiseUITests */,
				A27B14B12D32426000B82054 /* Products */,
			);
			sourceTree = "<group>";
		};
		A27B14B12D32426000B82054 /* Products */ = {
			isa = PBXGroup;
			children = (
				A27B14B02D32426000B82054 /* PinkyPromise.app */,
				A27B14C02D32426600B82054 /* PinkyPromiseTests.xctest */,
				A27B14CA2D32426600B82054 /* PinkyPromiseUITests.xctest */,
			);
			name = Products;
			sourceTree = "<group>";
		};
/* End PBXGroup section */

/* Begin PBXNativeTarget section */
		A27B14AF2D32426000B82054 /* PinkyPromise */ = {
			isa = PBXNativeTarget;
			buildConfigurationList = A27B14D42D32426600B82054 /* Build configuration list for PBXNativeTarget "PinkyPromise" */;
			buildPhases = (
				A27B14AC2D32426000B82054 /* Sources */,
				A27B14AD2D32426000B82054 /* Frameworks */,
				A27B14AE2D32426000B82054 /* Resources */,
			);
			buildRules = (
			);
			dependencies = (
			);
			fileSystemSynchronizedGroups = (
				A27B14B22D32426000B82054 /* PinkyPromise */,
			);
			name = PinkyPromise;
			packageProductDependencies = (
				A29665A52D326019005C448F /* FirebaseAnalytics */,
				A29665A72D326019005C448F /* FirebaseAnalyticsOnDeviceConversion */,
				A29665A92D326019005C448F /* FirebaseAnalyticsWithoutAdIdSupport */,
				A29665AB2D326019005C448F /* FirebaseAppCheck */,
				A29665AD2D326019005C448F /* FirebaseAppDistribution-Beta */,
				A29665AF2D326019005C448F /* FirebaseAuth */,
				A29665B12D326019005C448F /* FirebaseAuthCombine-Community */,
				A29665B32D326019005C448F /* FirebaseCore */,
				A29665B52D326019005C448F /* FirebaseCrashlytics */,
				A29665B72D326019005C448F /* FirebaseDatabase */,
				A29665B92D326019005C448F /* FirebaseDynamicLinks */,
				A29665BB2D326019005C448F /* FirebaseFirestore */,
				A29665BD2D326019005C448F /* FirebaseFirestoreCombine-Community */,
				A29665BF2D326019005C448F /* FirebaseFunctions */,
				A29665C12D326019005C448F /* FirebaseFunctionsCombine-Community */,
				A29665C32D326019005C448F /* FirebaseInAppMessaging-Beta */,
				A29665C52D326019005C448F /* FirebaseInstallations */,
				A29665C72D326019005C448F /* FirebaseMLModelDownloader */,
				A29665C92D32601A005C448F /* FirebaseMessaging */,
				A29665CB2D32601A005C448F /* FirebasePerformance */,
				A29665CD2D32601A005C448F /* FirebaseRemoteConfig */,
				A29665CF2D32601A005C448F /* FirebaseStorage */,
				A29665D12D32601A005C448F /* FirebaseStorageCombine-Community */,
				A29665D32D32601A005C448F /* FirebaseVertexAI */,
			);
			productName = PinkyPromise;
			productReference = A27B14B02D32426000B82054 /* PinkyPromise.app */;
			productType = "com.apple.product-type.application";
		};
		A27B14BF2D32426600B82054 /* PinkyPromiseTests */ = {
			isa = PBXNativeTarget;
			buildConfigurationList = A27B14D72D32426600B82054 /* Build configuration list for PBXNativeTarget "PinkyPromiseTests" */;
			buildPhases = (
				A27B14BC2D32426600B82054 /* Sources */,
				A27B14BD2D32426600B82054 /* Frameworks */,
				A27B14BE2D32426600B82054 /* Resources */,
			);
			buildRules = (
			);
			dependencies = (
				A27B14C22D32426600B82054 /* PBXTargetDependency */,
			);
			fileSystemSynchronizedGroups = (
				A27B14C32D32426600B82054 /* PinkyPromiseTests */,
			);
			name = PinkyPromiseTests;
			packageProductDependencies = (
			);
			productName = PinkyPromiseTests;
			productReference = A27B14C02D32426600B82054 /* PinkyPromiseTests.xctest */;
			productType = "com.apple.product-type.bundle.unit-test";
		};
		A27B14C92D32426600B82054 /* PinkyPromiseUITests */ = {
			isa = PBXNativeTarget;
			buildConfigurationList = A27B14DA2D32426600B82054 /* Build configuration list for PBXNativeTarget "PinkyPromiseUITests" */;
			buildPhases = (
				A27B14C62D32426600B82054 /* Sources */,
				A27B14C72D32426600B82054 /* Frameworks */,
				A27B14C82D32426600B82054 /* Resources */,
			);
			buildRules = (
			);
			dependencies = (
				A27B14CC2D32426600B82054 /* PBXTargetDependency */,
			);
			fileSystemSynchronizedGroups = (
				A27B14CD2D32426600B82054 /* PinkyPromiseUITests */,
			);
			name = PinkyPromiseUITests;
			packageProductDependencies = (
			);
			productName = PinkyPromiseUITests;
			productReference = A27B14CA2D32426600B82054 /* PinkyPromiseUITests.xctest */;
			productType = "com.apple.product-type.bundle.ui-testing";
		};
/* End PBXNativeTarget section */

/* Begin PBXProject section */
		A27B14A82D32426000B82054 /* Project object */ = {
			isa = PBXProject;
			attributes = {
				BuildIndependentTargetsInParallel = 1;
				LastSwiftUpdateCheck = 1620;
				LastUpgradeCheck = 1620;
				TargetAttributes = {
					A27B14AF2D32426000B82054 = {
						CreatedOnToolsVersion = 16.2;
					};
					A27B14BF2D32426600B82054 = {
						CreatedOnToolsVersion = 16.2;
						TestTargetID = A27B14AF2D32426000B82054;
					};
					A27B14C92D32426600B82054 = {
						CreatedOnToolsVersion = 16.2;
						TestTargetID = A27B14AF2D32426000B82054;
					};
				};
			};
			buildConfigurationList = A27B14AB2D32426000B82054 /* Build configuration list for PBXProject "PinkyPromise" */;
			developmentRegion = en;
			hasScannedForEncodings = 0;
			knownRegions = (
				en,
				Base,
			);
			mainGroup = A27B14A72D32426000B82054;
			minimizedProjectReferenceProxies = 1;
			packageReferences = (
				A29665A42D326019005C448F /* XCRemoteSwiftPackageReference "firebase-ios-sdk" */,
			);
			preferredProjectObjectVersion = 77;
			productRefGroup = A27B14B12D32426000B82054 /* Products */;
			projectDirPath = "";
			projectRoot = "";
			targets = (
				A27B14AF2D32426000B82054 /* PinkyPromise */,
				A27B14BF2D32426600B82054 /* PinkyPromiseTests */,
				A27B14C92D32426600B82054 /* PinkyPromiseUITests */,
			);
		};
/* End PBXProject section */

/* Begin PBXResourcesBuildPhase section */
		A27B14AE2D32426000B82054 /* Resources */ = {
			isa = PBXResourcesBuildPhase;
			buildActionMask = 2147483647;
			files = (
			);
			runOnlyForDeploymentPostprocessing = 0;
		};
		A27B14BE2D32426600B82054 /* Resources */ = {
			isa = PBXResourcesBuildPhase;
			buildActionMask = 2147483647;
			files = (
			);
			runOnlyForDeploymentPostprocessing = 0;
		};
		A27B14C82D32426600B82054 /* Resources */ = {
			isa = PBXResourcesBuildPhase;
			buildActionMask = 2147483647;
			files = (
			);
			runOnlyForDeploymentPostprocessing = 0;
		};
/* End PBXResourcesBuildPhase section */

/* Begin PBXSourcesBuildPhase section */
		A27B14AC2D32426000B82054 /* Sources */ = {
			isa = PBXSourcesBuildPhase;
			buildActionMask = 2147483647;
			files = (
			);
			runOnlyForDeploymentPostprocessing = 0;
		};
		A27B14BC2D32426600B82054 /* Sources */ = {
			isa = PBXSourcesBuildPhase;
			buildActionMask = 2147483647;
			files = (
			);
			runOnlyForDeploymentPostprocessing = 0;
		};
		A27B14C62D32426600B82054 /* Sources */ = {
			isa = PBXSourcesBuildPhase;
			buildActionMask = 2147483647;
			files = (
			);
			runOnlyForDeploymentPostprocessing = 0;
		};
/* End PBXSourcesBuildPhase section */

/* Begin PBXTargetDependency section */
		A27B14C22D32426600B82054 /* PBXTargetDependency */ = {
			isa = PBXTargetDependency;
			target = A27B14AF2D32426000B82054 /* PinkyPromise */;
			targetProxy = A27B14C12D32426600B82054 /* PBXContainerItemProxy */;
		};
		A27B14CC2D32426600B82054 /* PBXTargetDependency */ = {
			isa = PBXTargetDependency;
			target = A27B14AF2D32426000B82054 /* PinkyPromise */;
			targetProxy = A27B14CB2D32426600B82054 /* PBXContainerItemProxy */;
		};
/* End PBXTargetDependency section */

/* Begin XCBuildConfiguration section */
		A27B14D22D32426600B82054 /* Debug */ = {
			isa = XCBuildConfiguration;
			buildSettings = {
				ALWAYS_SEARCH_USER_PATHS = NO;
				ASSETCATALOG_COMPILER_GENERATE_SWIFT_ASSET_SYMBOL_EXTENSIONS = YES;
				CLANG_ANALYZER_NONNULL = YES;
				CLANG_ANALYZER_NUMBER_OBJECT_CONVERSION = YES_AGGRESSIVE;
				CLANG_CXX_LANGUAGE_STANDARD = "gnu++20";
				CLANG_ENABLE_MODULES = YES;
				CLANG_ENABLE_OBJC_ARC = YES;
				CLANG_ENABLE_OBJC_WEAK = YES;
				CLANG_WARN_BLOCK_CAPTURE_AUTORELEASING = YES;
				CLANG_WARN_BOOL_CONVERSION = YES;
				CLANG_WARN_COMMA = YES;
				CLANG_WARN_CONSTANT_CONVERSION = YES;
				CLANG_WARN_DEPRECATED_OBJC_IMPLEMENTATIONS = YES;
				CLANG_WARN_DIRECT_OBJC_ISA_USAGE = YES_ERROR;
				CLANG_WARN_DOCUMENTATION_COMMENTS = YES;
				CLANG_WARN_EMPTY_BODY = YES;
				CLANG_WARN_ENUM_CONVERSION = YES;
				CLANG_WARN_INFINITE_RECURSION = YES;
				CLANG_WARN_INT_CONVERSION = YES;
				CLANG_WARN_NON_LITERAL_NULL_CONVERSION = YES;
				CLANG_WARN_OBJC_IMPLICIT_RETAIN_SELF = YES;
				CLANG_WARN_OBJC_LITERAL_CONVERSION = YES;
				CLANG_WARN_OBJC_ROOT_CLASS = YES_ERROR;
				CLANG_WARN_QUOTED_INCLUDE_IN_FRAMEWORK_HEADER = YES;
				CLANG_WARN_RANGE_LOOP_ANALYSIS = YES;
				CLANG_WARN_STRICT_PROTOTYPES = YES;
				CLANG_WARN_SUSPICIOUS_MOVE = YES;
				CLANG_WARN_UNGUARDED_AVAILABILITY = YES_AGGRESSIVE;
				CLANG_WARN_UNREACHABLE_CODE = YES;
				CLANG_WARN__DUPLICATE_METHOD_MATCH = YES;
				COPY_PHASE_STRIP = NO;
				DEBUG_INFORMATION_FORMAT = dwarf;
				ENABLE_STRICT_OBJC_MSGSEND = YES;
				ENABLE_TESTABILITY = YES;
				ENABLE_USER_SCRIPT_SANDBOXING = YES;
				GCC_C_LANGUAGE_STANDARD = gnu17;
				GCC_DYNAMIC_NO_PIC = NO;
				GCC_NO_COMMON_BLOCKS = YES;
				GCC_OPTIMIZATION_LEVEL = 0;
				GCC_PREPROCESSOR_DEFINITIONS = (
					"DEBUG=1",
					"$(inherited)",
				);
				GCC_WARN_64_TO_32_BIT_CONVERSION = YES;
				GCC_WARN_ABOUT_RETURN_TYPE = YES_ERROR;
				GCC_WARN_UNDECLARED_SELECTOR = YES;
				GCC_WARN_UNINITIALIZED_AUTOS = YES_AGGRESSIVE;
				GCC_WARN_UNUSED_FUNCTION = YES;
				GCC_WARN_UNUSED_VARIABLE = YES;
				IPHONEOS_DEPLOYMENT_TARGET = 18.2;
				LOCALIZATION_PREFERS_STRING_CATALOGS = YES;
				MTL_ENABLE_DEBUG_INFO = INCLUDE_SOURCE;
				MTL_FAST_MATH = YES;
				ONLY_ACTIVE_ARCH = YES;
				OTHER_LDFLAGS = "-ObjC";
				SDKROOT = iphoneos;
				SWIFT_ACTIVE_COMPILATION_CONDITIONS = "DEBUG $(inherited)";
				SWIFT_OPTIMIZATION_LEVEL = "-Onone";
			};
			name = Debug;
		};
		A27B14D32D32426600B82054 /* Release */ = {
			isa = XCBuildConfiguration;
			buildSettings = {
				ALWAYS_SEARCH_USER_PATHS = NO;
				ASSETCATALOG_COMPILER_GENERATE_SWIFT_ASSET_SYMBOL_EXTENSIONS = YES;
				CLANG_ANALYZER_NONNULL = YES;
				CLANG_ANALYZER_NUMBER_OBJECT_CONVERSION = YES_AGGRESSIVE;
				CLANG_CXX_LANGUAGE_STANDARD = "gnu++20";
				CLANG_ENABLE_MODULES = YES;
				CLANG_ENABLE_OBJC_ARC = YES;
				CLANG_ENABLE_OBJC_WEAK = YES;
				CLANG_WARN_BLOCK_CAPTURE_AUTORELEASING = YES;
				CLANG_WARN_BOOL_CONVERSION = YES;
				CLANG_WARN_COMMA = YES;
				CLANG_WARN_CONSTANT_CONVERSION = YES;
				CLANG_WARN_DEPRECATED_OBJC_IMPLEMENTATIONS = YES;
				CLANG_WARN_DIRECT_OBJC_ISA_USAGE = YES_ERROR;
				CLANG_WARN_DOCUMENTATION_COMMENTS = YES;
				CLANG_WARN_EMPTY_BODY = YES;
				CLANG_WARN_ENUM_CONVERSION = YES;
				CLANG_WARN_INFINITE_RECURSION = YES;
				CLANG_WARN_INT_CONVERSION = YES;
				CLANG_WARN_NON_LITERAL_NULL_CONVERSION = YES;
				CLANG_WARN_OBJC_IMPLICIT_RETAIN_SELF = YES;
				CLANG_WARN_OBJC_LITERAL_CONVERSION = YES;
				CLANG_WARN_OBJC_ROOT_CLASS = YES_ERROR;
				CLANG_WARN_QUOTED_INCLUDE_IN_FRAMEWORK_HEADER = YES;
				CLANG_WARN_RANGE_LOOP_ANALYSIS = YES;
				CLANG_WARN_STRICT_PROTOTYPES = YES;
				CLANG_WARN_SUSPICIOUS_MOVE = YES;
				CLANG_WARN_UNGUARDED_AVAILABILITY = YES_AGGRESSIVE;
				CLANG_WARN_UNREACHABLE_CODE = YES;
				CLANG_WARN__DUPLICATE_METHOD_MATCH = YES;
				COPY_PHASE_STRIP = NO;
				DEBUG_INFORMATION_FORMAT = "dwarf-with-dsym";
				ENABLE_NS_ASSERTIONS = NO;
				ENABLE_STRICT_OBJC_MSGSEND = YES;
				ENABLE_USER_SCRIPT_SANDBOXING = YES;
				GCC_C_LANGUAGE_STANDARD = gnu17;
				GCC_NO_COMMON_BLOCKS = YES;
				GCC_WARN_64_TO_32_BIT_CONVERSION = YES;
				GCC_WARN_ABOUT_RETURN_TYPE = YES_ERROR;
				GCC_WARN_UNDECLARED_SELECTOR = YES;
				GCC_WARN_UNINITIALIZED_AUTOS = YES_AGGRESSIVE;
				GCC_WARN_UNUSED_FUNCTION = YES;
				GCC_WARN_UNUSED_VARIABLE = YES;
				IPHONEOS_DEPLOYMENT_TARGET = 18.2;
				LOCALIZATION_PREFERS_STRING_CATALOGS = YES;
				MTL_ENABLE_DEBUG_INFO = NO;
				MTL_FAST_MATH = YES;
				OTHER_LDFLAGS = "-ObjC";
				SDKROOT = iphoneos;
				SWIFT_COMPILATION_MODE = wholemodule;
				VALIDATE_PRODUCT = YES;
			};
			name = Release;
		};
		A27B14D52D32426600B82054 /* Debug */ = {
			isa = XCBuildConfiguration;
			buildSettings = {
				ASSETCATALOG_COMPILER_APPICON_NAME = AppIcon;
				ASSETCATALOG_COMPILER_GLOBAL_ACCENT_COLOR_NAME = AccentColor;
				CODE_SIGN_IDENTITY = "Apple Development";
				CODE_SIGN_STYLE = Automatic;
				CURRENT_PROJECT_VERSION = 1;
				DEVELOPMENT_ASSET_PATHS = "\"PinkyPromise/Preview Content\"";
				DEVELOPMENT_TEAM = 7AFNY8Y85Z;
				ENABLE_PREVIEWS = YES;
				GENERATE_INFOPLIST_FILE = YES;
				INFOPLIST_KEY_UIApplicationSceneManifest_Generation = YES;
				INFOPLIST_KEY_UIApplicationSupportsIndirectInputEvents = YES;
				INFOPLIST_KEY_UILaunchScreen_Generation = YES;
				INFOPLIST_KEY_UISupportedInterfaceOrientations_iPad = "UIInterfaceOrientationPortrait UIInterfaceOrientationPortraitUpsideDown UIInterfaceOrientationLandscapeLeft UIInterfaceOrientationLandscapeRight";
				INFOPLIST_KEY_UISupportedInterfaceOrientations_iPhone = "UIInterfaceOrientationPortrait UIInterfaceOrientationLandscapeLeft UIInterfaceOrientationLandscapeRight";
				IPHONEOS_DEPLOYMENT_TARGET = 18.0;
				LD_RUNPATH_SEARCH_PATHS = (
					"$(inherited)",
					"@executable_path/Frameworks",
				);
				MARKETING_VERSION = 1.0;
				PRODUCT_BUNDLE_IDENTIFIER = com.shehacks.PinkyPromises;
				PRODUCT_NAME = "$(TARGET_NAME)";
				PROVISIONING_PROFILE_SPECIFIER = "";
				SWIFT_EMIT_LOC_STRINGS = YES;
				SWIFT_VERSION = 5.0;
				TARGETED_DEVICE_FAMILY = "1,2";
			};
			name = Debug;
		};
		A27B14D62D32426600B82054 /* Release */ = {
			isa = XCBuildConfiguration;
			buildSettings = {
				ASSETCATALOG_COMPILER_APPICON_NAME = AppIcon;
				ASSETCATALOG_COMPILER_GLOBAL_ACCENT_COLOR_NAME = AccentColor;
				CODE_SIGN_IDENTITY = "Apple Development";
				CODE_SIGN_STYLE = Automatic;
				CURRENT_PROJECT_VERSION = 1;
				DEVELOPMENT_ASSET_PATHS = "\"PinkyPromise/Preview Content\"";
				DEVELOPMENT_TEAM = 7AFNY8Y85Z;
				ENABLE_PREVIEWS = YES;
				GENERATE_INFOPLIST_FILE = YES;
				INFOPLIST_KEY_UIApplicationSceneManifest_Generation = YES;
				INFOPLIST_KEY_UIApplicationSupportsIndirectInputEvents = YES;
				INFOPLIST_KEY_UILaunchScreen_Generation = YES;
				INFOPLIST_KEY_UISupportedInterfaceOrientations_iPad = "UIInterfaceOrientationPortrait UIInterfaceOrientationPortraitUpsideDown UIInterfaceOrientationLandscapeLeft UIInterfaceOrientationLandscapeRight";
				INFOPLIST_KEY_UISupportedInterfaceOrientations_iPhone = "UIInterfaceOrientationPortrait UIInterfaceOrientationLandscapeLeft UIInterfaceOrientationLandscapeRight";
				IPHONEOS_DEPLOYMENT_TARGET = 18.0;
				LD_RUNPATH_SEARCH_PATHS = (
					"$(inherited)",
					"@executable_path/Frameworks",
				);
				MARKETING_VERSION = 1.0;
				PRODUCT_BUNDLE_IDENTIFIER = com.shehacks.PinkyPromises;
				PRODUCT_NAME = "$(TARGET_NAME)";
				PROVISIONING_PROFILE_SPECIFIER = "";
				SWIFT_EMIT_LOC_STRINGS = YES;
				SWIFT_VERSION = 5.0;
				TARGETED_DEVICE_FAMILY = "1,2";
			};
			name = Release;
		};
		A27B14D82D32426600B82054 /* Debug */ = {
			isa = XCBuildConfiguration;
			buildSettings = {
				BUNDLE_LOADER = "$(TEST_HOST)";
				CODE_SIGN_STYLE = Automatic;
				CURRENT_PROJECT_VERSION = 1;
				GENERATE_INFOPLIST_FILE = YES;
				IPHONEOS_DEPLOYMENT_TARGET = 18.2;
				MARKETING_VERSION = 1.0;
				PRODUCT_BUNDLE_IDENTIFIER = com.shehacks.PinkyPromiseTests;
				PRODUCT_NAME = "$(TARGET_NAME)";
				SWIFT_EMIT_LOC_STRINGS = NO;
				SWIFT_VERSION = 5.0;
				TARGETED_DEVICE_FAMILY = "1,2";
				TEST_HOST = "$(BUILT_PRODUCTS_DIR)/PinkyPromise.app/$(BUNDLE_EXECUTABLE_FOLDER_PATH)/PinkyPromise";
			};
			name = Debug;
		};
		A27B14D92D32426600B82054 /* Release */ = {
			isa = XCBuildConfiguration;
			buildSettings = {
				BUNDLE_LOADER = "$(TEST_HOST)";
				CODE_SIGN_STYLE = Automatic;
				CURRENT_PROJECT_VERSION = 1;
				GENERATE_INFOPLIST_FILE = YES;
				IPHONEOS_DEPLOYMENT_TARGET = 18.2;
				MARKETING_VERSION = 1.0;
				PRODUCT_BUNDLE_IDENTIFIER = com.shehacks.PinkyPromiseTests;
				PRODUCT_NAME = "$(TARGET_NAME)";
				SWIFT_EMIT_LOC_STRINGS = NO;
				SWIFT_VERSION = 5.0;
				TARGETED_DEVICE_FAMILY = "1,2";
				TEST_HOST = "$(BUILT_PRODUCTS_DIR)/PinkyPromise.app/$(BUNDLE_EXECUTABLE_FOLDER_PATH)/PinkyPromise";
			};
			name = Release;
		};
		A27B14DB2D32426600B82054 /* Debug */ = {
			isa = XCBuildConfiguration;
			buildSettings = {
				CODE_SIGN_STYLE = Automatic;
				CURRENT_PROJECT_VERSION = 1;
				GENERATE_INFOPLIST_FILE = YES;
				MARKETING_VERSION = 1.0;
				PRODUCT_BUNDLE_IDENTIFIER = com.shehacks.PinkyPromiseUITests;
				PRODUCT_NAME = "$(TARGET_NAME)";
				SWIFT_EMIT_LOC_STRINGS = NO;
				SWIFT_VERSION = 5.0;
				TARGETED_DEVICE_FAMILY = "1,2";
				TEST_TARGET_NAME = PinkyPromise;
			};
			name = Debug;
		};
		A27B14DC2D32426600B82054 /* Release */ = {
			isa = XCBuildConfiguration;
			buildSettings = {
				CODE_SIGN_STYLE = Automatic;
				CURRENT_PROJECT_VERSION = 1;
				GENERATE_INFOPLIST_FILE = YES;
				MARKETING_VERSION = 1.0;
				PRODUCT_BUNDLE_IDENTIFIER = com.shehacks.PinkyPromiseUITests;
				PRODUCT_NAME = "$(TARGET_NAME)";
				SWIFT_EMIT_LOC_STRINGS = NO;
				SWIFT_VERSION = 5.0;
				TARGETED_DEVICE_FAMILY = "1,2";
				TEST_TARGET_NAME = PinkyPromise;
			};
			name = Release;
		};
/* End XCBuildConfiguration section */

/* Begin XCConfigurationList section */
		A27B14AB2D32426000B82054 /* Build configuration list for PBXProject "PinkyPromise" */ = {
			isa = XCConfigurationList;
			buildConfigurations = (
				A27B14D22D32426600B82054 /* Debug */,
				A27B14D32D32426600B82054 /* Release */,
			);
			defaultConfigurationIsVisible = 0;
			defaultConfigurationName = Release;
		};
		A27B14D42D32426600B82054 /* Build configuration list for PBXNativeTarget "PinkyPromise" */ = {
			isa = XCConfigurationList;
			buildConfigurations = (
				A27B14D52D32426600B82054 /* Debug */,
				A27B14D62D32426600B82054 /* Release */,
			);
			defaultConfigurationIsVisible = 0;
			defaultConfigurationName = Release;
		};
		A27B14D72D32426600B82054 /* Build configuration list for PBXNativeTarget "PinkyPromiseTests" */ = {
			isa = XCConfigurationList;
			buildConfigurations = (
				A27B14D82D32426600B82054 /* Debug */,
				A27B14D92D32426600B82054 /* Release */,
			);
			defaultConfigurationIsVisible = 0;
			defaultConfigurationName = Release;
		};
		A27B14DA2D32426600B82054 /* Build configuration list for PBXNativeTarget "PinkyPromiseUITests" */ = {
			isa = XCConfigurationList;
			buildConfigurations = (
				A27B14DB2D32426600B82054 /* Debug */,
				A27B14DC2D32426600B82054 /* Release */,
			);
			defaultConfigurationIsVisible = 0;
			defaultConfigurationName = Release;
		};
/* End XCConfigurationList section */

/* Begin XCRemoteSwiftPackageReference section */
		A29665A42D326019005C448F /* XCRemoteSwiftPackageReference "firebase-ios-sdk" */ = {
			isa = XCRemoteSwiftPackageReference;
			repositoryURL = "https://github.com/firebase/firebase-ios-sdk";
			requirement = {
				kind = upToNextMajorVersion;
				minimumVersion = 11.6.0;
			};
		};
/* End XCRemoteSwiftPackageReference section */

/* Begin XCSwiftPackageProductDependency section */
		A29665A52D326019005C448F /* FirebaseAnalytics */ = {
			isa = XCSwiftPackageProductDependency;
			package = A29665A42D326019005C448F /* XCRemoteSwiftPackageReference "firebase-ios-sdk" */;
			productName = FirebaseAnalytics;
		};
		A29665A72D326019005C448F /* FirebaseAnalyticsOnDeviceConversion */ = {
			isa = XCSwiftPackageProductDependency;
			package = A29665A42D326019005C448F /* XCRemoteSwiftPackageReference "firebase-ios-sdk" */;
			productName = FirebaseAnalyticsOnDeviceConversion;
		};
		A29665A92D326019005C448F /* FirebaseAnalyticsWithoutAdIdSupport */ = {
			isa = XCSwiftPackageProductDependency;
			package = A29665A42D326019005C448F /* XCRemoteSwiftPackageReference "firebase-ios-sdk" */;
			productName = FirebaseAnalyticsWithoutAdIdSupport;
		};
		A29665AB2D326019005C448F /* FirebaseAppCheck */ = {
			isa = XCSwiftPackageProductDependency;
			package = A29665A42D326019005C448F /* XCRemoteSwiftPackageReference "firebase-ios-sdk" */;
			productName = FirebaseAppCheck;
		};
		A29665AD2D326019005C448F /* FirebaseAppDistribution-Beta */ = {
			isa = XCSwiftPackageProductDependency;
			package = A29665A42D326019005C448F /* XCRemoteSwiftPackageReference "firebase-ios-sdk" */;
			productName = "FirebaseAppDistribution-Beta";
		};
		A29665AF2D326019005C448F /* FirebaseAuth */ = {
			isa = XCSwiftPackageProductDependency;
			package = A29665A42D326019005C448F /* XCRemoteSwiftPackageReference "firebase-ios-sdk" */;
			productName = FirebaseAuth;
		};
		A29665B12D326019005C448F /* FirebaseAuthCombine-Community */ = {
			isa = XCSwiftPackageProductDependency;
			package = A29665A42D326019005C448F /* XCRemoteSwiftPackageReference "firebase-ios-sdk" */;
			productName = "FirebaseAuthCombine-Community";
		};
		A29665B32D326019005C448F /* FirebaseCore */ = {
			isa = XCSwiftPackageProductDependency;
			package = A29665A42D326019005C448F /* XCRemoteSwiftPackageReference "firebase-ios-sdk" */;
			productName = FirebaseCore;
		};
		A29665B52D326019005C448F /* FirebaseCrashlytics */ = {
			isa = XCSwiftPackageProductDependency;
			package = A29665A42D326019005C448F /* XCRemoteSwiftPackageReference "firebase-ios-sdk" */;
			productName = FirebaseCrashlytics;
		};
		A29665B72D326019005C448F /* FirebaseDatabase */ = {
			isa = XCSwiftPackageProductDependency;
			package = A29665A42D326019005C448F /* XCRemoteSwiftPackageReference "firebase-ios-sdk" */;
			productName = FirebaseDatabase;
		};
		A29665B92D326019005C448F /* FirebaseDynamicLinks */ = {
			isa = XCSwiftPackageProductDependency;
			package = A29665A42D326019005C448F /* XCRemoteSwiftPackageReference "firebase-ios-sdk" */;
			productName = FirebaseDynamicLinks;
		};
		A29665BB2D326019005C448F /* FirebaseFirestore */ = {
			isa = XCSwiftPackageProductDependency;
			package = A29665A42D326019005C448F /* XCRemoteSwiftPackageReference "firebase-ios-sdk" */;
			productName = FirebaseFirestore;
		};
		A29665BD2D326019005C448F /* FirebaseFirestoreCombine-Community */ = {
			isa = XCSwiftPackageProductDependency;
			package = A29665A42D326019005C448F /* XCRemoteSwiftPackageReference "firebase-ios-sdk" */;
			productName = "FirebaseFirestoreCombine-Community";
		};
		A29665BF2D326019005C448F /* FirebaseFunctions */ = {
			isa = XCSwiftPackageProductDependency;
			package = A29665A42D326019005C448F /* XCRemoteSwiftPackageReference "firebase-ios-sdk" */;
			productName = FirebaseFunctions;
		};
		A29665C12D326019005C448F /* FirebaseFunctionsCombine-Community */ = {
			isa = XCSwiftPackageProductDependency;
			package = A29665A42D326019005C448F /* XCRemoteSwiftPackageReference "firebase-ios-sdk" */;
			productName = "FirebaseFunctionsCombine-Community";
		};
		A29665C32D326019005C448F /* FirebaseInAppMessaging-Beta */ = {
			isa = XCSwiftPackageProductDependency;
			package = A29665A42D326019005C448F /* XCRemoteSwiftPackageReference "firebase-ios-sdk" */;
			productName = "FirebaseInAppMessaging-Beta";
		};
		A29665C52D326019005C448F /* FirebaseInstallations */ = {
			isa = XCSwiftPackageProductDependency;
			package = A29665A42D326019005C448F /* XCRemoteSwiftPackageReference "firebase-ios-sdk" */;
			productName = FirebaseInstallations;
		};
		A29665C72D326019005C448F /* FirebaseMLModelDownloader */ = {
			isa = XCSwiftPackageProductDependency;
			package = A29665A42D326019005C448F /* XCRemoteSwiftPackageReference "firebase-ios-sdk" */;
			productName = FirebaseMLModelDownloader;
		};
		A29665C92D32601A005C448F /* FirebaseMessaging */ = {
			isa = XCSwiftPackageProductDependency;
			package = A29665A42D326019005C448F /* XCRemoteSwiftPackageReference "firebase-ios-sdk" */;
			productName = FirebaseMessaging;
		};
		A29665CB2D32601A005C448F /* FirebasePerformance */ = {
			isa = XCSwiftPackageProductDependency;
			package = A29665A42D326019005C448F /* XCRemoteSwiftPackageReference "firebase-ios-sdk" */;
			productName = FirebasePerformance;
		};
		A29665CD2D32601A005C448F /* FirebaseRemoteConfig */ = {
			isa = XCSwiftPackageProductDependency;
			package = A29665A42D326019005C448F /* XCRemoteSwiftPackageReference "firebase-ios-sdk" */;
			productName = FirebaseRemoteConfig;
		};
		A29665CF2D32601A005C448F /* FirebaseStorage */ = {
			isa = XCSwiftPackageProductDependency;
			package = A29665A42D326019005C448F /* XCRemoteSwiftPackageReference "firebase-ios-sdk" */;
			productName = FirebaseStorage;
		};
		A29665D12D32601A005C448F /* FirebaseStorageCombine-Community */ = {
			isa = XCSwiftPackageProductDependency;
			package = A29665A42D326019005C448F /* XCRemoteSwiftPackageReference "firebase-ios-sdk" */;
			productName = "FirebaseStorageCombine-Community";
		};
		A29665D32D32601A005C448F /* FirebaseVertexAI */ = {
			isa = XCSwiftPackageProductDependency;
			package = A29665A42D326019005C448F /* XCRemoteSwiftPackageReference "firebase-ios-sdk" */;
			productName = FirebaseVertexAI;
		};
/* End XCSwiftPackageProductDependency section */
	};
	rootObject = A27B14A82D32426000B82054 /* Project object */;
}
